
Microsoft Visual Studio Solution File, Format Version 12.00
# Visual Studio 14
VisualStudioVersion = 14.0.25123.0
MinimumVisualStudioVersion = 10.0.40219.1
Project("{FAE04EC0-301F-11D3-BF4B-00C04F79EFBC}") = "Nca.Valdr.Tests", "src\Nca.Valdr.Tests\Nca.Valdr.Tests.csproj", "{067456C0-086C-46A8-B37F-1405717B7BFC}"
	ProjectSection(ProjectDependencies) = postProject
		{4F4B955C-089A-4543-A2A5-99F74208C4CC} = {4F4B955C-089A-4543-A2A5-99F74208C4CC}
		{ACE3179E-714B-4317-92F3-796618C04E39} = {ACE3179E-714B-4317-92F3-796618C04E39}
		{0451BAEF-DF2E-4B98-8644-94EE9415E389} = {0451BAEF-DF2E-4B98-8644-94EE9415E389}
	EndProjectSection
EndProject
Project("{2150E333-8FDC-42A3-9474-1A3956D46DE8}") = "Solution Items", "Solution Items", "{8A71605C-7B65-43CA-B6C5-CD4560D1F891}"
	ProjectSection(SolutionItems) = preProject
		.gitignore = .gitignore
		.travis.yml = .travis.yml
		appveyor.yml = appveyor.yml
		CHANGELOG.md = CHANGELOG.md
		LICENSE.txt = LICENSE.txt
		README.md = README.md
	EndProjectSection
EndProject
Project("{FAE04EC0-301F-11D3-BF4B-00C04F79EFBC}") = "Nca.Valdr.Nuget", "src\Nca.Valdr.Nuget\Nca.Valdr.Nuget.csproj", "{0451BAEF-DF2E-4B98-8644-94EE9415E389}"
	ProjectSection(ProjectDependencies) = postProject
		{4F4B955C-089A-4543-A2A5-99F74208C4CC} = {4F4B955C-089A-4543-A2A5-99F74208C4CC}
		{ACE3179E-714B-4317-92F3-796618C04E39} = {ACE3179E-714B-4317-92F3-796618C04E39}
	EndProjectSection
EndProject
Project("{FAE04EC0-301F-11D3-BF4B-00C04F79EFBC}") = "Nca.Valdr.Console", "src\Nca.Valdr.Console\Nca.Valdr.Console.csproj", "{4F4B955C-089A-4543-A2A5-99F74208C4CC}"
	ProjectSection(ProjectDependencies) = postProject
		{ACE3179E-714B-4317-92F3-796618C04E39} = {ACE3179E-714B-4317-92F3-796618C04E39}
	EndProjectSection
EndProject
Project("{FAE04EC0-301F-11D3-BF4B-00C04F79EFBC}") = "Nca.Valdr", "src\Nca.Valdr\Nca.Valdr.csproj", "{ACE3179E-714B-4317-92F3-796618C04E39}"
EndProject
Project("{FAE04EC0-301F-11D3-BF4B-00C04F79EFBC}") = "Nca.Valdr.Core.Nuget", "src\Nca.Valdr.Core.Nuget\Nca.Valdr.Core.Nuget.csproj", "{FC3BB9C3-110C-4D9A-9F9E-05D0772D43AC}"
	ProjectSection(ProjectDependencies) = postProject
		{ACE3179E-714B-4317-92F3-796618C04E39} = {ACE3179E-714B-4317-92F3-796618C04E39}
	EndProjectSection
EndProject
Global
	GlobalSection(SolutionConfigurationPlatforms) = preSolution
		Debug|Any CPU = Debug|Any CPU
		Release|Any CPU = Release|Any CPU
	EndGlobalSection
	GlobalSection(ProjectConfigurationPlatforms) = postSolution
		{067456C0-086C-46A8-B37F-1405717B7BFC}.Debug|Any CPU.ActiveCfg = Debug|Any CPU
		{067456C0-086C-46A8-B37F-1405717B7BFC}.Debug|Any CPU.Build.0 = Debug|Any CPU
		{067456C0-086C-46A8-B37F-1405717B7BFC}.Release|Any CPU.ActiveCfg = Release|Any CPU
		{067456C0-086C-46A8-B37F-1405717B7BFC}.Release|Any CPU.Build.0 = Release|Any CPU
		{0451BAEF-DF2E-4B98-8644-94EE9415E389}.Debug|Any CPU.ActiveCfg = Debug|Any CPU
		{0451BAEF-DF2E-4B98-8644-94EE9415E389}.Release|Any CPU.ActiveCfg = Release|Any CPU
		{0451BAEF-DF2E-4B98-8644-94EE9415E389}.Release|Any CPU.Build.0 = Release|Any CPU
		{4F4B955C-089A-4543-A2A5-99F74208C4CC}.Debug|Any CPU.ActiveCfg = Debug|Any CPU
		{4F4B955C-089A-4543-A2A5-99F74208C4CC}.Debug|Any CPU.Build.0 = Debug|Any CPU
		{4F4B955C-089A-4543-A2A5-99F74208C4CC}.Release|Any CPU.ActiveCfg = Release|Any CPU
		{4F4B955C-089A-4543-A2A5-99F74208C4CC}.Release|Any CPU.Build.0 = Release|Any CPU
		{ACE3179E-714B-4317-92F3-796618C04E39}.Debug|Any CPU.ActiveCfg = Debug|Any CPU
		{ACE3179E-714B-4317-92F3-796618C04E39}.Debug|Any CPU.Build.0 = Debug|Any CPU
		{ACE3179E-714B-4317-92F3-796618C04E39}.Release|Any CPU.ActiveCfg = Release|Any CPU
		{ACE3179E-714B-4317-92F3-796618C04E39}.Release|Any CPU.Build.0 = Release|Any CPU
		{FC3BB9C3-110C-4D9A-9F9E-05D0772D43AC}.Debug|Any CPU.ActiveCfg = Debug|Any CPU
		{FC3BB9C3-110C-4D9A-9F9E-05D0772D43AC}.Release|Any CPU.ActiveCfg = Release|Any CPU
		{FC3BB9C3-110C-4D9A-9F9E-05D0772D43AC}.Release|Any CPU.Build.0 = Release|Any CPU
	EndGlobalSection
	GlobalSection(SolutionProperties) = preSolution
		HideSolutionNode = FALSE
	EndGlobalSection
EndGlobal
