
Microsoft Visual Studio Solution File, Format Version 12.00
# Visual Studio 14
VisualStudioVersion = 14.0.24720.0
MinimumVisualStudioVersion = 10.0.40219.1
Project("{FAE04EC0-301F-11D3-BF4B-00C04F79EFBC}") = "Nca.Valdr", "Nca.Valdr\Nca.Valdr.csproj", "{9663499A-BC8F-4F65-B985-1CCE8A33A96D}"
EndProject
Project("{FAE04EC0-301F-11D3-BF4B-00C04F79EFBC}") = "Nca.Valdr.Tests", "Nca.Valdr.Tests\Nca.Valdr.Tests.csproj", "{067456C0-086C-46A8-B37F-1405717B7BFC}"
	ProjectSection(ProjectDependencies) = postProject
		{0451BAEF-DF2E-4B98-8644-94EE9415E389} = {0451BAEF-DF2E-4B98-8644-94EE9415E389}
	EndProjectSection
EndProject
Project("{2150E333-8FDC-42A3-9474-1A3956D46DE8}") = "Solution Items", "Solution Items", "{8A71605C-7B65-43CA-B6C5-CD4560D1F891}"
	ProjectSection(SolutionItems) = preProject
		.gitignore = .gitignore
		appveyor.yml = appveyor.yml
		CHANGELOG.md = CHANGELOG.md
		LICENSE.txt = LICENSE.txt
		README.md = README.md
	EndProjectSection
EndProject
Project("{FAE04EC0-301F-11D3-BF4B-00C04F79EFBC}") = "Nca.Valdr.Nuget", "Nca.Valdr.Nuget\Nca.Valdr.Nuget.csproj", "{0451BAEF-DF2E-4B98-8644-94EE9415E389}"
	ProjectSection(ProjectDependencies) = postProject
		{9663499A-BC8F-4F65-B985-1CCE8A33A96D} = {9663499A-BC8F-4F65-B985-1CCE8A33A96D}
	EndProjectSection
EndProject
Global
	GlobalSection(SolutionConfigurationPlatforms) = preSolution
		Debug|Any CPU = Debug|Any CPU
		Release|Any CPU = Release|Any CPU
	EndGlobalSection
	GlobalSection(ProjectConfigurationPlatforms) = postSolution
		{9663499A-BC8F-4F65-B985-1CCE8A33A96D}.Debug|Any CPU.ActiveCfg = Debug|Any CPU
		{9663499A-BC8F-4F65-B985-1CCE8A33A96D}.Debug|Any CPU.Build.0 = Debug|Any CPU
		{9663499A-BC8F-4F65-B985-1CCE8A33A96D}.Release|Any CPU.ActiveCfg = Release|Any CPU
		{9663499A-BC8F-4F65-B985-1CCE8A33A96D}.Release|Any CPU.Build.0 = Release|Any CPU
		{067456C0-086C-46A8-B37F-1405717B7BFC}.Debug|Any CPU.ActiveCfg = Debug|Any CPU
		{067456C0-086C-46A8-B37F-1405717B7BFC}.Debug|Any CPU.Build.0 = Debug|Any CPU
		{067456C0-086C-46A8-B37F-1405717B7BFC}.Release|Any CPU.ActiveCfg = Release|Any CPU
		{067456C0-086C-46A8-B37F-1405717B7BFC}.Release|Any CPU.Build.0 = Release|Any CPU
		{0451BAEF-DF2E-4B98-8644-94EE9415E389}.Debug|Any CPU.ActiveCfg = Debug|Any CPU
		{0451BAEF-DF2E-4B98-8644-94EE9415E389}.Debug|Any CPU.Build.0 = Debug|Any CPU
		{0451BAEF-DF2E-4B98-8644-94EE9415E389}.Release|Any CPU.ActiveCfg = Release|Any CPU
		{0451BAEF-DF2E-4B98-8644-94EE9415E389}.Release|Any CPU.Build.0 = Release|Any CPU
	EndGlobalSection
	GlobalSection(SolutionProperties) = preSolution
		HideSolutionNode = FALSE
	EndGlobalSection
EndGlobal
